<Solution>
  <Project Path="1/1.csproj" />
  <Project Path="2/2.csproj" />
  <Project Path="3/3.csproj" />
  <Project Path="4/4.csproj" />
  <Project Path="5/5.csproj" />
  <Project Path="6/6.csproj" />
  <Project Path="7/7.csproj" Id="52f85985-6bcc-41b0-9a34-6c8c5c7afc95" />
  <Project Path="8/8.csproj" Id="2b72dcfb-67d8-4a07-a44a-99ef1fc0d296" />
</Solution>
